
Microsoft Visual Studio Solution File, Format Version 12.00
# Visual Studio Version 16
VisualStudioVersion = 16.0.31205.134
MinimumVisualStudioVersion = 10.0.40219.1
Project("{FAE04EC0-301F-11D3-BF4B-00C04F79EFBC}") = "OpenWeatherMapAPI", "OpenWeatherMapAPI\OpenWeatherMapAPI.csproj", "{BC6E0ACB-2054-4AEC-B849-9B9E80BB9A87}"
EndProject
Global
	GlobalSection(SolutionConfigurationPlatforms) = preSolution
		Debug|Any CPU = Debug|Any CPU
		Release|Any CPU = Release|Any CPU
	EndGlobalSection
	GlobalSection(ProjectConfigurationPlatforms) = postSolution
		{BC6E0ACB-2054-4AEC-B849-9B9E80BB9A87}.Debug|Any CPU.ActiveCfg = Debug|Any CPU
		{BC6E0ACB-2054-4AEC-B849-9B9E80BB9A87}.Debug|Any CPU.Build.0 = Debug|Any CPU
		{BC6E0ACB-2054-4AEC-B849-9B9E80BB9A87}.Release|Any CPU.ActiveCfg = Release|Any CPU
		{BC6E0ACB-2054-4AEC-B849-9B9E80BB9A87}.Release|Any CPU.Build.0 = Release|Any CPU
	EndGlobalSection
	GlobalSection(SolutionProperties) = preSolution
		HideSolutionNode = FALSE
	EndGlobalSection
	GlobalSection(ExtensibilityGlobals) = postSolution
		SolutionGuid = {138FF1D2-29AA-4DA9-B5F4-10FF2E776E3E}
	EndGlobalSection
EndGlobal
